
Microsoft Visual Studio Solution File, Format Version 11.00
# Visual Studio 2010
Project("{FAE04EC0-301F-11D3-BF4B-00C04F79EFBC}") = "Assembly-CSharp", "Assembly-CSharp.csproj", "{8fc1fbdd-9693-3731-9cfe-deb2cdb74636}"
EndProject
Project("{FAE04EC0-301F-11D3-BF4B-00C04F79EFBC}") = "NewAssembly", "NewAssembly.csproj", "{1a9b6209-f620-15d1-1d5d-b7fd4e10cfa3}"
EndProject
Project("{FAE04EC0-301F-11D3-BF4B-00C04F79EFBC}") = "Tests", "Tests.csproj", "{c226fc73-03b4-e65b-6d5b-8e23c427a44f}"
EndProject
Global
	GlobalSection(SolutionConfigurationPlatforms) = preSolution
		Debug|Any CPU = Debug|Any CPU
		Release|Any CPU = Release|Any CPU
	EndGlobalSection
	GlobalSection(ProjectConfigurationPlatforms) = postSolution
		{8fc1fbdd-9693-3731-9cfe-deb2cdb74636}.Debug|Any CPU.ActiveCfg = Debug|Any CPU
		{8fc1fbdd-9693-3731-9cfe-deb2cdb74636}.Debug|Any CPU.Build.0 = Debug|Any CPU
		{8fc1fbdd-9693-3731-9cfe-deb2cdb74636}.Release|Any CPU.ActiveCfg = Release|Any CPU
		{8fc1fbdd-9693-3731-9cfe-deb2cdb74636}.Release|Any CPU.Build.0 = Release|Any CPU
		{1a9b6209-f620-15d1-1d5d-b7fd4e10cfa3}.Debug|Any CPU.ActiveCfg = Debug|Any CPU
		{1a9b6209-f620-15d1-1d5d-b7fd4e10cfa3}.Debug|Any CPU.Build.0 = Debug|Any CPU
		{1a9b6209-f620-15d1-1d5d-b7fd4e10cfa3}.Release|Any CPU.ActiveCfg = Release|Any CPU
		{1a9b6209-f620-15d1-1d5d-b7fd4e10cfa3}.Release|Any CPU.Build.0 = Release|Any CPU
		{c226fc73-03b4-e65b-6d5b-8e23c427a44f}.Debug|Any CPU.ActiveCfg = Debug|Any CPU
		{c226fc73-03b4-e65b-6d5b-8e23c427a44f}.Debug|Any CPU.Build.0 = Debug|Any CPU
		{c226fc73-03b4-e65b-6d5b-8e23c427a44f}.Release|Any CPU.ActiveCfg = Release|Any CPU
		{c226fc73-03b4-e65b-6d5b-8e23c427a44f}.Release|Any CPU.Build.0 = Release|Any CPU
	EndGlobalSection
	GlobalSection(SolutionProperties) = preSolution
		HideSolutionNode = FALSE
	EndGlobalSection
EndGlobal
